
Microsoft Visual Studio Solution File, Format Version 11.00
# Visual Studio 2010
Project("{FAE04EC0-301F-11D3-BF4B-00C04F79EFBC}") = "Mirror", "Mirror.csproj", "{9F71B3B6-7737-0AE0-0DB6-8BC60886C8AE}"
EndProject
Project("{FAE04EC0-301F-11D3-BF4B-00C04F79EFBC}") = "Mirror.Components", "Mirror.Components.csproj", "{56AD1FD1-D980-D4A0-85B6-2652427C9C60}"
EndProject
Project("{FAE04EC0-301F-11D3-BF4B-00C04F79EFBC}") = "SimpleWebTransport", "SimpleWebTransport.csproj", "{6DA15E53-62BD-C127-5523-09B8CBC0B8CD}"
EndProject
Project("{FAE04EC0-301F-11D3-BF4B-00C04F79EFBC}") = "Mirror.Examples", "Mirror.Examples.csproj", "{50BE1652-943E-5309-D5A5-C485BEF62B7C}"
EndProject
Project("{FAE04EC0-301F-11D3-BF4B-00C04F79EFBC}") = "Assembly-CSharp", "Assembly-CSharp.csproj", "{65122EE7-0589-A035-854A-711851485D75}"
EndProject
Project("{FAE04EC0-301F-11D3-BF4B-00C04F79EFBC}") = "kcp2k", "kcp2k.csproj", "{4D7F29E8-90AD-105E-BC82-AD7AFBE3A49E}"
EndProject
Project("{FAE04EC0-301F-11D3-BF4B-00C04F79EFBC}") = "Telepathy", "Telepathy.csproj", "{8433D3A6-302A-CBCA-8485-190E259D7024}"
EndProject
Project("{FAE04EC0-301F-11D3-BF4B-00C04F79EFBC}") = "Mirror.Authenticators", "Mirror.Authenticators.csproj", "{FCE16082-5E6E-D602-E2C9-49328B52AE8E}"
EndProject
Project("{FAE04EC0-301F-11D3-BF4B-00C04F79EFBC}") = "where-allocations", "where-allocations.csproj", "{CE5E2CED-B8C6-2573-94A1-245A8196AA61}"
EndProject
Project("{FAE04EC0-301F-11D3-BF4B-00C04F79EFBC}") = "Unity.Mirror.CodeGen", "Unity.Mirror.CodeGen.csproj", "{0716E43B-D1C9-4535-AAA0-01CE736894C6}"
EndProject
Project("{FAE04EC0-301F-11D3-BF4B-00C04F79EFBC}") = "Mirror.Editor", "Mirror.Editor.csproj", "{08A1B917-CE62-C7D8-0922-180B7B2E0B59}"
EndProject
Project("{FAE04EC0-301F-11D3-BF4B-00C04F79EFBC}") = "Mirror.CompilerSymbols", "Mirror.CompilerSymbols.csproj", "{AA50FD27-2311-74A2-17F3-01E0A28BE245}"
EndProject
Global
	GlobalSection(SolutionConfigurationPlatforms) = preSolution
		Debug|Any CPU = Debug|Any CPU
		Release|Any CPU = Release|Any CPU
	EndGlobalSection
	GlobalSection(ProjectConfigurationPlatforms) = postSolution
		{9F71B3B6-7737-0AE0-0DB6-8BC60886C8AE}.Debug|Any CPU.ActiveCfg = Debug|Any CPU
		{9F71B3B6-7737-0AE0-0DB6-8BC60886C8AE}.Debug|Any CPU.Build.0 = Debug|Any CPU
		{9F71B3B6-7737-0AE0-0DB6-8BC60886C8AE}.Release|Any CPU.ActiveCfg = Release|Any CPU
		{9F71B3B6-7737-0AE0-0DB6-8BC60886C8AE}.Release|Any CPU.Build.0 = Release|Any CPU
		{56AD1FD1-D980-D4A0-85B6-2652427C9C60}.Debug|Any CPU.ActiveCfg = Debug|Any CPU
		{56AD1FD1-D980-D4A0-85B6-2652427C9C60}.Debug|Any CPU.Build.0 = Debug|Any CPU
		{56AD1FD1-D980-D4A0-85B6-2652427C9C60}.Release|Any CPU.ActiveCfg = Release|Any CPU
		{56AD1FD1-D980-D4A0-85B6-2652427C9C60}.Release|Any CPU.Build.0 = Release|Any CPU
		{6DA15E53-62BD-C127-5523-09B8CBC0B8CD}.Debug|Any CPU.ActiveCfg = Debug|Any CPU
		{6DA15E53-62BD-C127-5523-09B8CBC0B8CD}.Debug|Any CPU.Build.0 = Debug|Any CPU
		{6DA15E53-62BD-C127-5523-09B8CBC0B8CD}.Release|Any CPU.ActiveCfg = Release|Any CPU
		{6DA15E53-62BD-C127-5523-09B8CBC0B8CD}.Release|Any CPU.Build.0 = Release|Any CPU
		{50BE1652-943E-5309-D5A5-C485BEF62B7C}.Debug|Any CPU.ActiveCfg = Debug|Any CPU
		{50BE1652-943E-5309-D5A5-C485BEF62B7C}.Debug|Any CPU.Build.0 = Debug|Any CPU
		{50BE1652-943E-5309-D5A5-C485BEF62B7C}.Release|Any CPU.ActiveCfg = Release|Any CPU
		{50BE1652-943E-5309-D5A5-C485BEF62B7C}.Release|Any CPU.Build.0 = Release|Any CPU
		{65122EE7-0589-A035-854A-711851485D75}.Debug|Any CPU.ActiveCfg = Debug|Any CPU
		{65122EE7-0589-A035-854A-711851485D75}.Debug|Any CPU.Build.0 = Debug|Any CPU
		{65122EE7-0589-A035-854A-711851485D75}.Release|Any CPU.ActiveCfg = Release|Any CPU
		{65122EE7-0589-A035-854A-711851485D75}.Release|Any CPU.Build.0 = Release|Any CPU
		{4D7F29E8-90AD-105E-BC82-AD7AFBE3A49E}.Debug|Any CPU.ActiveCfg = Debug|Any CPU
		{4D7F29E8-90AD-105E-BC82-AD7AFBE3A49E}.Debug|Any CPU.Build.0 = Debug|Any CPU
		{4D7F29E8-90AD-105E-BC82-AD7AFBE3A49E}.Release|Any CPU.ActiveCfg = Release|Any CPU
		{4D7F29E8-90AD-105E-BC82-AD7AFBE3A49E}.Release|Any CPU.Build.0 = Release|Any CPU
		{8433D3A6-302A-CBCA-8485-190E259D7024}.Debug|Any CPU.ActiveCfg = Debug|Any CPU
		{8433D3A6-302A-CBCA-8485-190E259D7024}.Debug|Any CPU.Build.0 = Debug|Any CPU
		{8433D3A6-302A-CBCA-8485-190E259D7024}.Release|Any CPU.ActiveCfg = Release|Any CPU
		{8433D3A6-302A-CBCA-8485-190E259D7024}.Release|Any CPU.Build.0 = Release|Any CPU
		{FCE16082-5E6E-D602-E2C9-49328B52AE8E}.Debug|Any CPU.ActiveCfg = Debug|Any CPU
		{FCE16082-5E6E-D602-E2C9-49328B52AE8E}.Debug|Any CPU.Build.0 = Debug|Any CPU
		{FCE16082-5E6E-D602-E2C9-49328B52AE8E}.Release|Any CPU.ActiveCfg = Release|Any CPU
		{FCE16082-5E6E-D602-E2C9-49328B52AE8E}.Release|Any CPU.Build.0 = Release|Any CPU
		{CE5E2CED-B8C6-2573-94A1-245A8196AA61}.Debug|Any CPU.ActiveCfg = Debug|Any CPU
		{CE5E2CED-B8C6-2573-94A1-245A8196AA61}.Debug|Any CPU.Build.0 = Debug|Any CPU
		{CE5E2CED-B8C6-2573-94A1-245A8196AA61}.Release|Any CPU.ActiveCfg = Release|Any CPU
		{CE5E2CED-B8C6-2573-94A1-245A8196AA61}.Release|Any CPU.Build.0 = Release|Any CPU
		{0716E43B-D1C9-4535-AAA0-01CE736894C6}.Debug|Any CPU.ActiveCfg = Debug|Any CPU
		{0716E43B-D1C9-4535-AAA0-01CE736894C6}.Debug|Any CPU.Build.0 = Debug|Any CPU
		{0716E43B-D1C9-4535-AAA0-01CE736894C6}.Release|Any CPU.ActiveCfg = Release|Any CPU
		{0716E43B-D1C9-4535-AAA0-01CE736894C6}.Release|Any CPU.Build.0 = Release|Any CPU
		{08A1B917-CE62-C7D8-0922-180B7B2E0B59}.Debug|Any CPU.ActiveCfg = Debug|Any CPU
		{08A1B917-CE62-C7D8-0922-180B7B2E0B59}.Debug|Any CPU.Build.0 = Debug|Any CPU
		{08A1B917-CE62-C7D8-0922-180B7B2E0B59}.Release|Any CPU.ActiveCfg = Release|Any CPU
		{08A1B917-CE62-C7D8-0922-180B7B2E0B59}.Release|Any CPU.Build.0 = Release|Any CPU
		{AA50FD27-2311-74A2-17F3-01E0A28BE245}.Debug|Any CPU.ActiveCfg = Debug|Any CPU
		{AA50FD27-2311-74A2-17F3-01E0A28BE245}.Debug|Any CPU.Build.0 = Debug|Any CPU
		{AA50FD27-2311-74A2-17F3-01E0A28BE245}.Release|Any CPU.ActiveCfg = Release|Any CPU
		{AA50FD27-2311-74A2-17F3-01E0A28BE245}.Release|Any CPU.Build.0 = Release|Any CPU
	EndGlobalSection
	GlobalSection(SolutionProperties) = preSolution
		HideSolutionNode = FALSE
	EndGlobalSection
EndGlobal
